// !$*UTF8*$!
{
	archiveVersion = 1;
	classes = {
	};
	objectVersion = 50;
	objects = {

/* Begin PBXBuildFile section */
		25B4372C272B59AF000ACC83 /* AppDelegate.swift in Sources */ = {isa = PBXBuildFile; fileRef = 25B4372B272B59AF000ACC83 /* AppDelegate.swift */; };
		25B4372E272B59AF000ACC83 /* SceneDelegate.swift in Sources */ = {isa = PBXBuildFile; fileRef = 25B4372D272B59AF000ACC83 /* SceneDelegate.swift */; };
		25B43730272B59AF000ACC83 /* MainViewController.swift in Sources */ = {isa = PBXBuildFile; fileRef = 25B4372F272B59AF000ACC83 /* MainViewController.swift */; };
		25B43735272B59B7000ACC83 /* Assets.xcassets in Resources */ = {isa = PBXBuildFile; fileRef = 25B43734272B59B7000ACC83 /* Assets.xcassets */; };
		25B43738272B59B7000ACC83 /* LaunchScreen.storyboard in Resources */ = {isa = PBXBuildFile; fileRef = 25B43736272B59B7000ACC83 /* LaunchScreen.storyboard */; };
		25B43743272B59B7000ACC83 /* ml_app_challengeTests.swift in Sources */ = {isa = PBXBuildFile; fileRef = 25B43742272B59B7000ACC83 /* ml_app_challengeTests.swift */; };
		25B4374E272B59B7000ACC83 /* ml_app_challengeUITests.swift in Sources */ = {isa = PBXBuildFile; fileRef = 25B4374D272B59B7000ACC83 /* ml_app_challengeUITests.swift */; };
		25B43765272B5E0D000ACC83 /* data in Resources */ = {isa = PBXBuildFile; fileRef = 25B43764272B5E0D000ACC83 /* data */; };
		25B43770272B62EE000ACC83 /* AccountsViewController.swift in Sources */ = {isa = PBXBuildFile; fileRef = 25B4376F272B62EE000ACC83 /* AccountsViewController.swift */; };
		25B43775272B6ABB000ACC83 /* TransactionsViewController.swift in Sources */ = {isa = PBXBuildFile; fileRef = 25B43774272B6ABB000ACC83 /* TransactionsViewController.swift */; };
		25B4377A272B6B42000ACC83 /* Account.swift in Sources */ = {isa = PBXBuildFile; fileRef = 25B43779272B6B42000ACC83 /* Account.swift */; };
		25B4377F272B7BE6000ACC83 /* JsonHelper.swift in Sources */ = {isa = PBXBuildFile; fileRef = 25B4377E272B7BE6000ACC83 /* JsonHelper.swift */; };
		25B4378C272B8525000ACC83 /* Transaction.swift in Sources */ = {isa = PBXBuildFile; fileRef = 25B4378B272B8525000ACC83 /* Transaction.swift */; };
		25B43791272B8531000ACC83 /* Activity.swift in Sources */ = {isa = PBXBuildFile; fileRef = 25B43790272B8531000ACC83 /* Activity.swift */; };
/* End PBXBuildFile section */

/* Begin PBXContainerItemProxy section */
		25B4373F272B59B7000ACC83 /* PBXContainerItemProxy */ = {
			isa = PBXContainerItemProxy;
			containerPortal = 25B43720272B59AF000ACC83 /* Project object */;
			proxyType = 1;
			remoteGlobalIDString = 25B43727272B59AF000ACC83;
			remoteInfo = "ml-app-challenge";
		};
		25B4374A272B59B7000ACC83 /* PBXContainerItemProxy */ = {
			isa = PBXContainerItemProxy;
			containerPortal = 25B43720272B59AF000ACC83 /* Project object */;
			proxyType = 1;
			remoteGlobalIDString = 25B43727272B59AF000ACC83;
			remoteInfo = "ml-app-challenge";
		};
/* End PBXContainerItemProxy section */

/* Begin PBXFileReference section */
		25B43728272B59AF000ACC83 /* ml-app-challenge.app */ = {isa = PBXFileReference; explicitFileType = wrapper.application; includeInIndex = 0; path = "ml-app-challenge.app"; sourceTree = BUILT_PRODUCTS_DIR; };
		25B4372B272B59AF000ACC83 /* AppDelegate.swift */ = {isa = PBXFileReference; lastKnownFileType = sourcecode.swift; path = AppDelegate.swift; sourceTree = "<group>"; };
		25B4372D272B59AF000ACC83 /* SceneDelegate.swift */ = {isa = PBXFileReference; lastKnownFileType = sourcecode.swift; path = SceneDelegate.swift; sourceTree = "<group>"; };
		25B4372F272B59AF000ACC83 /* MainViewController.swift */ = {isa = PBXFileReference; lastKnownFileType = sourcecode.swift; path = MainViewController.swift; sourceTree = "<group>"; };
		25B43734272B59B7000ACC83 /* Assets.xcassets */ = {isa = PBXFileReference; lastKnownFileType = folder.assetcatalog; path = Assets.xcassets; sourceTree = "<group>"; };
		25B43737272B59B7000ACC83 /* Base */ = {isa = PBXFileReference; lastKnownFileType = file.storyboard; name = Base; path = Base.lproj/LaunchScreen.storyboard; sourceTree = "<group>"; };
		25B43739272B59B7000ACC83 /* Info.plist */ = {isa = PBXFileReference; lastKnownFileType = text.plist.xml; path = Info.plist; sourceTree = "<group>"; };
		25B4373E272B59B7000ACC83 /* ml-app-challengeTests.xctest */ = {isa = PBXFileReference; explicitFileType = wrapper.cfbundle; includeInIndex = 0; path = "ml-app-challengeTests.xctest"; sourceTree = BUILT_PRODUCTS_DIR; };
		25B43742272B59B7000ACC83 /* ml_app_challengeTests.swift */ = {isa = PBXFileReference; lastKnownFileType = sourcecode.swift; path = ml_app_challengeTests.swift; sourceTree = "<group>"; };
		25B43744272B59B7000ACC83 /* Info.plist */ = {isa = PBXFileReference; lastKnownFileType = text.plist.xml; path = Info.plist; sourceTree = "<group>"; };
		25B43749272B59B7000ACC83 /* ml-app-challengeUITests.xctest */ = {isa = PBXFileReference; explicitFileType = wrapper.cfbundle; includeInIndex = 0; path = "ml-app-challengeUITests.xctest"; sourceTree = BUILT_PRODUCTS_DIR; };
		25B4374D272B59B7000ACC83 /* ml_app_challengeUITests.swift */ = {isa = PBXFileReference; lastKnownFileType = sourcecode.swift; path = ml_app_challengeUITests.swift; sourceTree = "<group>"; };
		25B4374F272B59B7000ACC83 /* Info.plist */ = {isa = PBXFileReference; lastKnownFileType = text.plist.xml; path = Info.plist; sourceTree = "<group>"; };
		25B43764272B5E0D000ACC83 /* data */ = {isa = PBXFileReference; lastKnownFileType = folder; name = data; path = "../../../Downloads/ml-app-challenge-master/data"; sourceTree = "<group>"; };
		25B4376F272B62EE000ACC83 /* AccountsViewController.swift */ = {isa = PBXFileReference; lastKnownFileType = sourcecode.swift; path = AccountsViewController.swift; sourceTree = "<group>"; };
		25B43774272B6ABB000ACC83 /* TransactionsViewController.swift */ = {isa = PBXFileReference; lastKnownFileType = sourcecode.swift; path = TransactionsViewController.swift; sourceTree = "<group>"; };
		25B43779272B6B42000ACC83 /* Account.swift */ = {isa = PBXFileReference; lastKnownFileType = sourcecode.swift; path = Account.swift; sourceTree = "<group>"; };
		25B4377E272B7BE6000ACC83 /* JsonHelper.swift */ = {isa = PBXFileReference; lastKnownFileType = sourcecode.swift; path = JsonHelper.swift; sourceTree = "<group>"; };
		25B4378B272B8525000ACC83 /* Transaction.swift */ = {isa = PBXFileReference; lastKnownFileType = sourcecode.swift; path = Transaction.swift; sourceTree = "<group>"; };
		25B43790272B8531000ACC83 /* Activity.swift */ = {isa = PBXFileReference; lastKnownFileType = sourcecode.swift; path = Activity.swift; sourceTree = "<group>"; };
/* End PBXFileReference section */

/* Begin PBXFrameworksBuildPhase section */
		25B43725272B59AF000ACC83 /* Frameworks */ = {
			isa = PBXFrameworksBuildPhase;
			buildActionMask = 2147483647;
			files = (
			);
			runOnlyForDeploymentPostprocessing = 0;
		};
		25B4373B272B59B7000ACC83 /* Frameworks */ = {
			isa = PBXFrameworksBuildPhase;
			buildActionMask = 2147483647;
			files = (
			);
			runOnlyForDeploymentPostprocessing = 0;
		};
		25B43746272B59B7000ACC83 /* Frameworks */ = {
			isa = PBXFrameworksBuildPhase;
			buildActionMask = 2147483647;
			files = (
			);
			runOnlyForDeploymentPostprocessing = 0;
		};
/* End PBXFrameworksBuildPhase section */

/* Begin PBXGroup section */
		25B4371F272B59AF000ACC83 = {
			isa = PBXGroup;
			children = (
				25B4372A272B59AF000ACC83 /* ml-app-challenge */,
				25B43741272B59B7000ACC83 /* ml-app-challengeTests */,
				25B4374C272B59B7000ACC83 /* ml-app-challengeUITests */,
				25B43729272B59AF000ACC83 /* Products */,
			);
			sourceTree = "<group>";
		};
		25B43729272B59AF000ACC83 /* Products */ = {
			isa = PBXGroup;
			children = (
				25B43728272B59AF000ACC83 /* ml-app-challenge.app */,
				25B4373E272B59B7000ACC83 /* ml-app-challengeTests.xctest */,
				25B43749272B59B7000ACC83 /* ml-app-challengeUITests.xctest */,
			);
			name = Products;
			sourceTree = "<group>";
		};
		25B4372A272B59AF000ACC83 /* ml-app-challenge */ = {
			isa = PBXGroup;
			children = (
				25B43787272B8021000ACC83 /* Models */,
				25B43786272B8017000ACC83 /* View Controllers */,
				25B43764272B5E0D000ACC83 /* data */,
				25B4372B272B59AF000ACC83 /* AppDelegate.swift */,
				25B4372D272B59AF000ACC83 /* SceneDelegate.swift */,
				25B43734272B59B7000ACC83 /* Assets.xcassets */,
				25B43736272B59B7000ACC83 /* LaunchScreen.storyboard */,
				25B43739272B59B7000ACC83 /* Info.plist */,
				25B4377E272B7BE6000ACC83 /* JsonHelper.swift */,
			);
			path = "ml-app-challenge";
			sourceTree = "<group>";
		};
		25B43741272B59B7000ACC83 /* ml-app-challengeTests */ = {
			isa = PBXGroup;
			children = (
				25B43742272B59B7000ACC83 /* ml_app_challengeTests.swift */,
				25B43744272B59B7000ACC83 /* Info.plist */,
			);
			path = "ml-app-challengeTests";
			sourceTree = "<group>";
		};
		25B4374C272B59B7000ACC83 /* ml-app-challengeUITests */ = {
			isa = PBXGroup;
			children = (
				25B4374D272B59B7000ACC83 /* ml_app_challengeUITests.swift */,
				25B4374F272B59B7000ACC83 /* Info.plist */,
			);
			path = "ml-app-challengeUITests";
			sourceTree = "<group>";
		};
		25B43786272B8017000ACC83 /* View Controllers */ = {
			isa = PBXGroup;
			children = (
				25B4372F272B59AF000ACC83 /* MainViewController.swift */,
				25B4376F272B62EE000ACC83 /* AccountsViewController.swift */,
				25B43774272B6ABB000ACC83 /* TransactionsViewController.swift */,
			);
			path = "View Controllers";
			sourceTree = "<group>";
		};
		25B43787272B8021000ACC83 /* Models */ = {
			isa = PBXGroup;
			children = (
				25B43779272B6B42000ACC83 /* Account.swift */,
				25B4378B272B8525000ACC83 /* Transaction.swift */,
				25B43790272B8531000ACC83 /* Activity.swift */,
			);
			path = Models;
			sourceTree = "<group>";
		};
/* End PBXGroup section */

/* Begin PBXNativeTarget section */
		25B43727272B59AF000ACC83 /* ml-app-challenge */ = {
			isa = PBXNativeTarget;
			buildConfigurationList = 25B43752272B59B7000ACC83 /* Build configuration list for PBXNativeTarget "ml-app-challenge" */;
			buildPhases = (
				25B43724272B59AF000ACC83 /* Sources */,
				25B43725272B59AF000ACC83 /* Frameworks */,
				25B43726272B59AF000ACC83 /* Resources */,
			);
			buildRules = (
			);
			dependencies = (
			);
			name = "ml-app-challenge";
			productName = "ml-app-challenge";
			productReference = 25B43728272B59AF000ACC83 /* ml-app-challenge.app */;
			productType = "com.apple.product-type.application";
		};
		25B4373D272B59B7000ACC83 /* ml-app-challengeTests */ = {
			isa = PBXNativeTarget;
			buildConfigurationList = 25B43755272B59B7000ACC83 /* Build configuration list for PBXNativeTarget "ml-app-challengeTests" */;
			buildPhases = (
				25B4373A272B59B7000ACC83 /* Sources */,
				25B4373B272B59B7000ACC83 /* Frameworks */,
				25B4373C272B59B7000ACC83 /* Resources */,
			);
			buildRules = (
			);
			dependencies = (
				25B43740272B59B7000ACC83 /* PBXTargetDependency */,
			);
			name = "ml-app-challengeTests";
			productName = "ml-app-challengeTests";
			productReference = 25B4373E272B59B7000ACC83 /* ml-app-challengeTests.xctest */;
			productType = "com.apple.product-type.bundle.unit-test";
		};
		25B43748272B59B7000ACC83 /* ml-app-challengeUITests */ = {
			isa = PBXNativeTarget;
			buildConfigurationList = 25B43758272B59B7000ACC83 /* Build configuration list for PBXNativeTarget "ml-app-challengeUITests" */;
			buildPhases = (
				25B43745272B59B7000ACC83 /* Sources */,
				25B43746272B59B7000ACC83 /* Frameworks */,
				25B43747272B59B7000ACC83 /* Resources */,
			);
			buildRules = (
			);
			dependencies = (
				25B4374B272B59B7000ACC83 /* PBXTargetDependency */,
			);
			name = "ml-app-challengeUITests";
			productName = "ml-app-challengeUITests";
			productReference = 25B43749272B59B7000ACC83 /* ml-app-challengeUITests.xctest */;
			productType = "com.apple.product-type.bundle.ui-testing";
		};
/* End PBXNativeTarget section */

/* Begin PBXProject section */
		25B43720272B59AF000ACC83 /* Project object */ = {
			isa = PBXProject;
			attributes = {
				LastSwiftUpdateCheck = 1230;
				LastUpgradeCheck = 1230;
				TargetAttributes = {
					25B43727272B59AF000ACC83 = {
						CreatedOnToolsVersion = 12.3;
					};
					25B4373D272B59B7000ACC83 = {
						CreatedOnToolsVersion = 12.3;
						TestTargetID = 25B43727272B59AF000ACC83;
					};
					25B43748272B59B7000ACC83 = {
						CreatedOnToolsVersion = 12.3;
						TestTargetID = 25B43727272B59AF000ACC83;
					};
				};
			};
			buildConfigurationList = 25B43723272B59AF000ACC83 /* Build configuration list for PBXProject "ml-app-challenge" */;
			compatibilityVersion = "Xcode 9.3";
			developmentRegion = en;
			hasScannedForEncodings = 0;
			knownRegions = (
				en,
				Base,
			);
			mainGroup = 25B4371F272B59AF000ACC83;
			productRefGroup = 25B43729272B59AF000ACC83 /* Products */;
			projectDirPath = "";
			projectRoot = "";
			targets = (
				25B43727272B59AF000ACC83 /* ml-app-challenge */,
				25B4373D272B59B7000ACC83 /* ml-app-challengeTests */,
				25B43748272B59B7000ACC83 /* ml-app-challengeUITests */,
			);
		};
/* End PBXProject section */

/* Begin PBXResourcesBuildPhase section */
		25B43726272B59AF000ACC83 /* Resources */ = {
			isa = PBXResourcesBuildPhase;
			buildActionMask = 2147483647;
			files = (
				25B43738272B59B7000ACC83 /* LaunchScreen.storyboard in Resources */,
				25B43765272B5E0D000ACC83 /* data in Resources */,
				25B43735272B59B7000ACC83 /* Assets.xcassets in Resources */,
			);
			runOnlyForDeploymentPostprocessing = 0;
		};
		25B4373C272B59B7000ACC83 /* Resources */ = {
			isa = PBXResourcesBuildPhase;
			buildActionMask = 2147483647;
			files = (
			);
			runOnlyForDeploymentPostprocessing = 0;
		};
		25B43747272B59B7000ACC83 /* Resources */ = {
			isa = PBXResourcesBuildPhase;
			buildActionMask = 2147483647;
			files = (
			);
			runOnlyForDeploymentPostprocessing = 0;
		};
/* End PBXResourcesBuildPhase section */

/* Begin PBXSourcesBuildPhase section */
		25B43724272B59AF000ACC83 /* Sources */ = {
			isa = PBXSourcesBuildPhase;
			buildActionMask = 2147483647;
			files = (
				25B4377F272B7BE6000ACC83 /* JsonHelper.swift in Sources */,
				25B43730272B59AF000ACC83 /* MainViewController.swift in Sources */,
				25B4378C272B8525000ACC83 /* Transaction.swift in Sources */,
				25B4372C272B59AF000ACC83 /* AppDelegate.swift in Sources */,
				25B43770272B62EE000ACC83 /* AccountsViewController.swift in Sources */,
				25B4372E272B59AF000ACC83 /* SceneDelegate.swift in Sources */,
				25B43791272B8531000ACC83 /* Activity.swift in Sources */,
				25B43775272B6ABB000ACC83 /* TransactionsViewController.swift in Sources */,
				25B4377A272B6B42000ACC83 /* Account.swift in Sources */,
			);
			runOnlyForDeploymentPostprocessing = 0;
		};
		25B4373A272B59B7000ACC83 /* Sources */ = {
			isa = PBXSourcesBuildPhase;
			buildActionMask = 2147483647;
			files = (
				25B43743272B59B7000ACC83 /* ml_app_challengeTests.swift in Sources */,
			);
			runOnlyForDeploymentPostprocessing = 0;
		};
		25B43745272B59B7000ACC83 /* Sources */ = {
			isa = PBXSourcesBuildPhase;
			buildActionMask = 2147483647;
			files = (
				25B4374E272B59B7000ACC83 /* ml_app_challengeUITests.swift in Sources */,
			);
			runOnlyForDeploymentPostprocessing = 0;
		};
/* End PBXSourcesBuildPhase section */

/* Begin PBXTargetDependency section */
		25B43740272B59B7000ACC83 /* PBXTargetDependency */ = {
			isa = PBXTargetDependency;
			target = 25B43727272B59AF000ACC83 /* ml-app-challenge */;
			targetProxy = 25B4373F272B59B7000ACC83 /* PBXContainerItemProxy */;
		};
		25B4374B272B59B7000ACC83 /* PBXTargetDependency */ = {
			isa = PBXTargetDependency;
			target = 25B43727272B59AF000ACC83 /* ml-app-challenge */;
			targetProxy = 25B4374A272B59B7000ACC83 /* PBXContainerItemProxy */;
		};
/* End PBXTargetDependency section */

/* Begin PBXVariantGroup section */
		25B43736272B59B7000ACC83 /* LaunchScreen.storyboard */ = {
			isa = PBXVariantGroup;
			children = (
				25B43737272B59B7000ACC83 /* Base */,
			);
			name = LaunchScreen.storyboard;
			sourceTree = "<group>";
		};
/* End PBXVariantGroup section */

/* Begin XCBuildConfiguration section */
		25B43750272B59B7000ACC83 /* Debug */ = {
			isa = XCBuildConfiguration;
			buildSettings = {
				ALWAYS_SEARCH_USER_PATHS = NO;
				CLANG_ANALYZER_NONNULL = YES;
				CLANG_ANALYZER_NUMBER_OBJECT_CONVERSION = YES_AGGRESSIVE;
				CLANG_CXX_LANGUAGE_STANDARD = "gnu++14";
				CLANG_CXX_LIBRARY = "libc++";
				CLANG_ENABLE_MODULES = YES;
				CLANG_ENABLE_OBJC_ARC = YES;
				CLANG_ENABLE_OBJC_WEAK = YES;
				CLANG_WARN_BLOCK_CAPTURE_AUTORELEASING = YES;
				CLANG_WARN_BOOL_CONVERSION = YES;
				CLANG_WARN_COMMA = YES;
				CLANG_WARN_CONSTANT_CONVERSION = YES;
				CLANG_WARN_DEPRECATED_OBJC_IMPLEMENTATIONS = YES;
				CLANG_WARN_DIRECT_OBJC_ISA_USAGE = YES_ERROR;
				CLANG_WARN_DOCUMENTATION_COMMENTS = YES;
				CLANG_WARN_EMPTY_BODY = YES;
				CLANG_WARN_ENUM_CONVERSION = YES;
				CLANG_WARN_INFINITE_RECURSION = YES;
				CLANG_WARN_INT_CONVERSION = YES;
				CLANG_WARN_NON_LITERAL_NULL_CONVERSION = YES;
				CLANG_WARN_OBJC_IMPLICIT_RETAIN_SELF = YES;
				CLANG_WARN_OBJC_LITERAL_CONVERSION = YES;
				CLANG_WARN_OBJC_ROOT_CLASS = YES_ERROR;
				CLANG_WARN_QUOTED_INCLUDE_IN_FRAMEWORK_HEADER = YES;
				CLANG_WARN_RANGE_LOOP_ANALYSIS = YES;
				CLANG_WARN_STRICT_PROTOTYPES = YES;
				CLANG_WARN_SUSPICIOUS_MOVE = YES;
				CLANG_WARN_UNGUARDED_AVAILABILITY = YES_AGGRESSIVE;
				CLANG_WARN_UNREACHABLE_CODE = YES;
				CLANG_WARN__DUPLICATE_METHOD_MATCH = YES;
				COPY_PHASE_STRIP = NO;
				DEBUG_INFORMATION_FORMAT = dwarf;
				ENABLE_STRICT_OBJC_MSGSEND = YES;
				ENABLE_TESTABILITY = YES;
				GCC_C_LANGUAGE_STANDARD = gnu11;
				GCC_DYNAMIC_NO_PIC = NO;
				GCC_NO_COMMON_BLOCKS = YES;
				GCC_OPTIMIZATION_LEVEL = 0;
				GCC_PREPROCESSOR_DEFINITIONS = (
					"DEBUG=1",
					"$(inherited)",
				);
				GCC_WARN_64_TO_32_BIT_CONVERSION = YES;
				GCC_WARN_ABOUT_RETURN_TYPE = YES_ERROR;
				GCC_WARN_UNDECLARED_SELECTOR = YES;
				GCC_WARN_UNINITIALIZED_AUTOS = YES_AGGRESSIVE;
				GCC_WARN_UNUSED_FUNCTION = YES;
				GCC_WARN_UNUSED_VARIABLE = YES;
				IPHONEOS_DEPLOYMENT_TARGET = 14.3;
				MTL_ENABLE_DEBUG_INFO = INCLUDE_SOURCE;
				MTL_FAST_MATH = YES;
				ONLY_ACTIVE_ARCH = YES;
				SDKROOT = iphoneos;
				SWIFT_ACTIVE_COMPILATION_CONDITIONS = DEBUG;
				SWIFT_OPTIMIZATION_LEVEL = "-Onone";
			};
			name = Debug;
		};
		25B43751272B59B7000ACC83 /* Release */ = {
			isa = XCBuildConfiguration;
			buildSettings = {
				ALWAYS_SEARCH_USER_PATHS = NO;
				CLANG_ANALYZER_NONNULL = YES;
				CLANG_ANALYZER_NUMBER_OBJECT_CONVERSION = YES_AGGRESSIVE;
				CLANG_CXX_LANGUAGE_STANDARD = "gnu++14";
				CLANG_CXX_LIBRARY = "libc++";
				CLANG_ENABLE_MODULES = YES;
				CLANG_ENABLE_OBJC_ARC = YES;
				CLANG_ENABLE_OBJC_WEAK = YES;
				CLANG_WARN_BLOCK_CAPTURE_AUTORELEASING = YES;
				CLANG_WARN_BOOL_CONVERSION = YES;
				CLANG_WARN_COMMA = YES;
				CLANG_WARN_CONSTANT_CONVERSION = YES;
				CLANG_WARN_DEPRECATED_OBJC_IMPLEMENTATIONS = YES;
				CLANG_WARN_DIRECT_OBJC_ISA_USAGE = YES_ERROR;
				CLANG_WARN_DOCUMENTATION_COMMENTS = YES;
				CLANG_WARN_EMPTY_BODY = YES;
				CLANG_WARN_ENUM_CONVERSION = YES;
				CLANG_WARN_INFINITE_RECURSION = YES;
				CLANG_WARN_INT_CONVERSION = YES;
				CLANG_WARN_NON_LITERAL_NULL_CONVERSION = YES;
				CLANG_WARN_OBJC_IMPLICIT_RETAIN_SELF = YES;
				CLANG_WARN_OBJC_LITERAL_CONVERSION = YES;
				CLANG_WARN_OBJC_ROOT_CLASS = YES_ERROR;
				CLANG_WARN_QUOTED_INCLUDE_IN_FRAMEWORK_HEADER = YES;
				CLANG_WARN_RANGE_LOOP_ANALYSIS = YES;
				CLANG_WARN_STRICT_PROTOTYPES = YES;
				CLANG_WARN_SUSPICIOUS_MOVE = YES;
				CLANG_WARN_UNGUARDED_AVAILABILITY = YES_AGGRESSIVE;
				CLANG_WARN_UNREACHABLE_CODE = YES;
				CLANG_WARN__DUPLICATE_METHOD_MATCH = YES;
				COPY_PHASE_STRIP = NO;
				DEBUG_INFORMATION_FORMAT = "dwarf-with-dsym";
				ENABLE_NS_ASSERTIONS = NO;
				ENABLE_STRICT_OBJC_MSGSEND = YES;
				GCC_C_LANGUAGE_STANDARD = gnu11;
				GCC_NO_COMMON_BLOCKS = YES;
				GCC_WARN_64_TO_32_BIT_CONVERSION = YES;
				GCC_WARN_ABOUT_RETURN_TYPE = YES_ERROR;
				GCC_WARN_UNDECLARED_SELECTOR = YES;
				GCC_WARN_UNINITIALIZED_AUTOS = YES_AGGRESSIVE;
				GCC_WARN_UNUSED_FUNCTION = YES;
				GCC_WARN_UNUSED_VARIABLE = YES;
				IPHONEOS_DEPLOYMENT_TARGET = 14.3;
				MTL_ENABLE_DEBUG_INFO = NO;
				MTL_FAST_MATH = YES;
				SDKROOT = iphoneos;
				SWIFT_COMPILATION_MODE = wholemodule;
				SWIFT_OPTIMIZATION_LEVEL = "-O";
				VALIDATE_PRODUCT = YES;
			};
			name = Release;
		};
		25B43753272B59B7000ACC83 /* Debug */ = {
			isa = XCBuildConfiguration;
			buildSettings = {
				ASSETCATALOG_COMPILER_APPICON_NAME = AppIcon;
				ASSETCATALOG_COMPILER_GLOBAL_ACCENT_COLOR_NAME = AccentColor;
				CODE_SIGN_STYLE = Automatic;
				INFOPLIST_FILE = "ml-app-challenge/Info.plist";
				LD_RUNPATH_SEARCH_PATHS = (
					"$(inherited)",
					"@executable_path/Frameworks",
				);
				PRODUCT_BUNDLE_IDENTIFIER = "com.danica.ml-app-challenge";
				PRODUCT_NAME = "$(TARGET_NAME)";
				SWIFT_VERSION = 5.0;
				TARGETED_DEVICE_FAMILY = "1,2";
			};
			name = Debug;
		};
		25B43754272B59B7000ACC83 /* Release */ = {
			isa = XCBuildConfiguration;
			buildSettings = {
				ASSETCATALOG_COMPILER_APPICON_NAME = AppIcon;
				ASSETCATALOG_COMPILER_GLOBAL_ACCENT_COLOR_NAME = AccentColor;
				CODE_SIGN_STYLE = Automatic;
				INFOPLIST_FILE = "ml-app-challenge/Info.plist";
				LD_RUNPATH_SEARCH_PATHS = (
					"$(inherited)",
					"@executable_path/Frameworks",
				);
				PRODUCT_BUNDLE_IDENTIFIER = "com.danica.ml-app-challenge";
				PRODUCT_NAME = "$(TARGET_NAME)";
				SWIFT_VERSION = 5.0;
				TARGETED_DEVICE_FAMILY = "1,2";
			};
			name = Release;
		};
		25B43756272B59B7000ACC83 /* Debug */ = {
			isa = XCBuildConfiguration;
			buildSettings = {
				ALWAYS_EMBED_SWIFT_STANDARD_LIBRARIES = YES;
				BUNDLE_LOADER = "$(TEST_HOST)";
				CODE_SIGN_STYLE = Automatic;
				INFOPLIST_FILE = "ml-app-challengeTests/Info.plist";
				IPHONEOS_DEPLOYMENT_TARGET = 14.3;
				LD_RUNPATH_SEARCH_PATHS = (
					"$(inherited)",
					"@executable_path/Frameworks",
					"@loader_path/Frameworks",
				);
				PRODUCT_BUNDLE_IDENTIFIER = "com.danica.ml-app-challengeTests";
				PRODUCT_NAME = "$(TARGET_NAME)";
				SWIFT_VERSION = 5.0;
				TARGETED_DEVICE_FAMILY = "1,2";
				TEST_HOST = "$(BUILT_PRODUCTS_DIR)/ml-app-challenge.app/ml-app-challenge";
			};
			name = Debug;
		};
		25B43757272B59B7000ACC83 /* Release */ = {
			isa = XCBuildConfiguration;
			buildSettings = {
				ALWAYS_EMBED_SWIFT_STANDARD_LIBRARIES = YES;
				BUNDLE_LOADER = "$(TEST_HOST)";
				CODE_SIGN_STYLE = Automatic;
				INFOPLIST_FILE = "ml-app-challengeTests/Info.plist";
				IPHONEOS_DEPLOYMENT_TARGET = 14.3;
				LD_RUNPATH_SEARCH_PATHS = (
					"$(inherited)",
					"@executable_path/Frameworks",
					"@loader_path/Frameworks",
				);
				PRODUCT_BUNDLE_IDENTIFIER = "com.danica.ml-app-challengeTests";
				PRODUCT_NAME = "$(TARGET_NAME)";
				SWIFT_VERSION = 5.0;
				TARGETED_DEVICE_FAMILY = "1,2";
				TEST_HOST = "$(BUILT_PRODUCTS_DIR)/ml-app-challenge.app/ml-app-challenge";
			};
			name = Release;
		};
		25B43759272B59B7000ACC83 /* Debug */ = {
			isa = XCBuildConfiguration;
			buildSettings = {
				ALWAYS_EMBED_SWIFT_STANDARD_LIBRARIES = YES;
				CODE_SIGN_STYLE = Automatic;
				INFOPLIST_FILE = "ml-app-challengeUITests/Info.plist";
				LD_RUNPATH_SEARCH_PATHS = (
					"$(inherited)",
					"@executable_path/Frameworks",
					"@loader_path/Frameworks",
				);
				PRODUCT_BUNDLE_IDENTIFIER = "com.danica.ml-app-challengeUITests";
				PRODUCT_NAME = "$(TARGET_NAME)";
				SWIFT_VERSION = 5.0;
				TARGETED_DEVICE_FAMILY = "1,2";
				TEST_TARGET_NAME = "ml-app-challenge";
			};
			name = Debug;
		};
		25B4375A272B59B7000ACC83 /* Release */ = {
			isa = XCBuildConfiguration;
			buildSettings = {
				ALWAYS_EMBED_SWIFT_STANDARD_LIBRARIES = YES;
				CODE_SIGN_STYLE = Automatic;
				INFOPLIST_FILE = "ml-app-challengeUITests/Info.plist";
				LD_RUNPATH_SEARCH_PATHS = (
					"$(inherited)",
					"@executable_path/Frameworks",
					"@loader_path/Frameworks",
				);
				PRODUCT_BUNDLE_IDENTIFIER = "com.danica.ml-app-challengeUITests";
				PRODUCT_NAME = "$(TARGET_NAME)";
				SWIFT_VERSION = 5.0;
				TARGETED_DEVICE_FAMILY = "1,2";
				TEST_TARGET_NAME = "ml-app-challenge";
			};
			name = Release;
		};
/* End XCBuildConfiguration section */

/* Begin XCConfigurationList section */
		25B43723272B59AF000ACC83 /* Build configuration list for PBXProject "ml-app-challenge" */ = {
			isa = XCConfigurationList;
			buildConfigurations = (
				25B43750272B59B7000ACC83 /* Debug */,
				25B43751272B59B7000ACC83 /* Release */,
			);
			defaultConfigurationIsVisible = 0;
			defaultConfigurationName = Release;
		};
		25B43752272B59B7000ACC83 /* Build configuration list for PBXNativeTarget "ml-app-challenge" */ = {
			isa = XCConfigurationList;
			buildConfigurations = (
				25B43753272B59B7000ACC83 /* Debug */,
				25B43754272B59B7000ACC83 /* Release */,
			);
			defaultConfigurationIsVisible = 0;
			defaultConfigurationName = Release;
		};
		25B43755272B59B7000ACC83 /* Build configuration list for PBXNativeTarget "ml-app-challengeTests" */ = {
			isa = XCConfigurationList;
			buildConfigurations = (
				25B43756272B59B7000ACC83 /* Debug */,
				25B43757272B59B7000ACC83 /* Release */,
			);
			defaultConfigurationIsVisible = 0;
			defaultConfigurationName = Release;
		};
		25B43758272B59B7000ACC83 /* Build configuration list for PBXNativeTarget "ml-app-challengeUITests" */ = {
			isa = XCConfigurationList;
			buildConfigurations = (
				25B43759272B59B7000ACC83 /* Debug */,
				25B4375A272B59B7000ACC83 /* Release */,
			);
			defaultConfigurationIsVisible = 0;
			defaultConfigurationName = Release;
		};
/* End XCConfigurationList section */
	};
	rootObject = 25B43720272B59AF000ACC83 /* Project object */;
}
